// !$*UTF8*$!
{
	archiveVersion = 1;
	classes = {
	};
	objectVersion = 56;
	objects = {

/* Begin PBXBuildFile section */
		79DCE5B22BC0383600E14B7A /* FavoritesAppApp.swift in Sources */ = {isa = PBXBuildFile; fileRef = 79DCE5B12BC0383600E14B7A /* FavoritesAppApp.swift */; };
		79DCE5B42BC0383600E14B7A /* ContentView.swift in Sources */ = {isa = PBXBuildFile; fileRef = 79DCE5B32BC0383600E14B7A /* ContentView.swift */; };
		79DCE5B62BC0383700E14B7A /* Assets.xcassets in Resources */ = {isa = PBXBuildFile; fileRef = 79DCE5B52BC0383700E14B7A /* Assets.xcassets */; };
		79DCE5B92BC0383700E14B7A /* Preview Assets.xcassets in Resources */ = {isa = PBXBuildFile; fileRef = 79DCE5B82BC0383700E14B7A /* Preview Assets.xcassets */; };
		79DCE5C32BC0383700E14B7A /* FavoritesAppTests.swift in Sources */ = {isa = PBXBuildFile; fileRef = 79DCE5C22BC0383700E14B7A /* FavoritesAppTests.swift */; };
		79DCE5CD2BC0383700E14B7A /* FavoritesAppUITests.swift in Sources */ = {isa = PBXBuildFile; fileRef = 79DCE5CC2BC0383700E14B7A /* FavoritesAppUITests.swift */; };
		79DCE5CF2BC0383700E14B7A /* FavoritesAppUITestsLaunchTests.swift in Sources */ = {isa = PBXBuildFile; fileRef = 79DCE5CE2BC0383700E14B7A /* FavoritesAppUITestsLaunchTests.swift */; };
/* End PBXBuildFile section */

/* Begin PBXContainerItemProxy section */
		79DCE5BF2BC0383700E14B7A /* PBXContainerItemProxy */ = {
			isa = PBXContainerItemProxy;
			containerPortal = 79DCE5A62BC0383600E14B7A /* Project object */;
			proxyType = 1;
			remoteGlobalIDString = 79DCE5AD2BC0383600E14B7A;
			remoteInfo = FavoritesApp;
		};
		79DCE5C92BC0383700E14B7A /* PBXContainerItemProxy */ = {
			isa = PBXContainerItemProxy;
			containerPortal = 79DCE5A62BC0383600E14B7A /* Project object */;
			proxyType = 1;
			remoteGlobalIDString = 79DCE5AD2BC0383600E14B7A;
			remoteInfo = FavoritesApp;
		};
/* End PBXContainerItemProxy section */

/* Begin PBXFileReference section */
		79DCE5AE2BC0383600E14B7A /* FavoritesApp.app */ = {isa = PBXFileReference; explicitFileType = wrapper.application; includeInIndex = 0; path = FavoritesApp.app; sourceTree = BUILT_PRODUCTS_DIR; };
		79DCE5B12BC0383600E14B7A /* FavoritesAppApp.swift */ = {isa = PBXFileReference; lastKnownFileType = sourcecode.swift; path = FavoritesAppApp.swift; sourceTree = "<group>"; };
		79DCE5B32BC0383600E14B7A /* ContentView.swift */ = {isa = PBXFileReference; lastKnownFileType = sourcecode.swift; path = ContentView.swift; sourceTree = "<group>"; };
		79DCE5B52BC0383700E14B7A /* Assets.xcassets */ = {isa = PBXFileReference; lastKnownFileType = folder.assetcatalog; path = Assets.xcassets; sourceTree = "<group>"; };
		79DCE5B82BC0383700E14B7A /* Preview Assets.xcassets */ = {isa = PBXFileReference; lastKnownFileType = folder.assetcatalog; path = "Preview Assets.xcassets"; sourceTree = "<group>"; };
		79DCE5BE2BC0383700E14B7A /* FavoritesAppTests.xctest */ = {isa = PBXFileReference; explicitFileType = wrapper.cfbundle; includeInIndex = 0; path = FavoritesAppTests.xctest; sourceTree = BUILT_PRODUCTS_DIR; };
		79DCE5C22BC0383700E14B7A /* FavoritesAppTests.swift */ = {isa = PBXFileReference; lastKnownFileType = sourcecode.swift; path = FavoritesAppTests.swift; sourceTree = "<group>"; };
		79DCE5C82BC0383700E14B7A /* FavoritesAppUITests.xctest */ = {isa = PBXFileReference; explicitFileType = wrapper.cfbundle; includeInIndex = 0; path = FavoritesAppUITests.xctest; sourceTree = BUILT_PRODUCTS_DIR; };
		79DCE5CC2BC0383700E14B7A /* FavoritesAppUITests.swift */ = {isa = PBXFileReference; lastKnownFileType = sourcecode.swift; path = FavoritesAppUITests.swift; sourceTree = "<group>"; };
		79DCE5CE2BC0383700E14B7A /* FavoritesAppUITestsLaunchTests.swift */ = {isa = PBXFileReference; lastKnownFileType = sourcecode.swift; path = FavoritesAppUITestsLaunchTests.swift; sourceTree = "<group>"; };
/* End PBXFileReference section */

/* Begin PBXFrameworksBuildPhase section */
		79DCE5AB2BC0383600E14B7A /* Frameworks */ = {
			isa = PBXFrameworksBuildPhase;
			buildActionMask = 2147483647;
			files = (
			);
			runOnlyForDeploymentPostprocessing = 0;
		};
		79DCE5BB2BC0383700E14B7A /* Frameworks */ = {
			isa = PBXFrameworksBuildPhase;
			buildActionMask = 2147483647;
			files = (
			);
			runOnlyForDeploymentPostprocessing = 0;
		};
		79DCE5C52BC0383700E14B7A /* Frameworks */ = {
			isa = PBXFrameworksBuildPhase;
			buildActionMask = 2147483647;
			files = (
			);
			runOnlyForDeploymentPostprocessing = 0;
		};
/* End PBXFrameworksBuildPhase section */

/* Begin PBXGroup section */
		79DCE5A52BC0383600E14B7A = {
			isa = PBXGroup;
			children = (
				79DCE5B02BC0383600E14B7A /* FavoritesApp */,
				79DCE5C12BC0383700E14B7A /* FavoritesAppTests */,
				79DCE5CB2BC0383700E14B7A /* FavoritesAppUITests */,
				79DCE5AF2BC0383600E14B7A /* Products */,
			);
			sourceTree = "<group>";
		};
		79DCE5AF2BC0383600E14B7A /* Products */ = {
			isa = PBXGroup;
			children = (
				79DCE5AE2BC0383600E14B7A /* FavoritesApp.app */,
				79DCE5BE2BC0383700E14B7A /* FavoritesAppTests.xctest */,
				79DCE5C82BC0383700E14B7A /* FavoritesAppUITests.xctest */,
			);
			name = Products;
			sourceTree = "<group>";
		};
		79DCE5B02BC0383600E14B7A /* FavoritesApp */ = {
			isa = PBXGroup;
			children = (
				79DCE5B12BC0383600E14B7A /* FavoritesAppApp.swift */,
				79DCE5B32BC0383600E14B7A /* ContentView.swift */,
				79DCE5B52BC0383700E14B7A /* Assets.xcassets */,
				79DCE5B72BC0383700E14B7A /* Preview Content */,
			);
			path = FavoritesApp;
			sourceTree = "<group>";
		};
		79DCE5B72BC0383700E14B7A /* Preview Content */ = {
			isa = PBXGroup;
			children = (
				79DCE5B82BC0383700E14B7A /* Preview Assets.xcassets */,
			);
			path = "Preview Content";
			sourceTree = "<group>";
		};
		79DCE5C12BC0383700E14B7A /* FavoritesAppTests */ = {
			isa = PBXGroup;
			children = (
				79DCE5C22BC0383700E14B7A /* FavoritesAppTests.swift */,
			);
			path = FavoritesAppTests;
			sourceTree = "<group>";
		};
		79DCE5CB2BC0383700E14B7A /* FavoritesAppUITests */ = {
			isa = PBXGroup;
			children = (
				79DCE5CC2BC0383700E14B7A /* FavoritesAppUITests.swift */,
				79DCE5CE2BC0383700E14B7A /* FavoritesAppUITestsLaunchTests.swift */,
			);
			path = FavoritesAppUITests;
			sourceTree = "<group>";
		};
/* End PBXGroup section */

/* Begin PBXNativeTarget section */
		79DCE5AD2BC0383600E14B7A /* FavoritesApp */ = {
			isa = PBXNativeTarget;
			buildConfigurationList = 79DCE5D22BC0383700E14B7A /* Build configuration list for PBXNativeTarget "FavoritesApp" */;
			buildPhases = (
				79DCE5AA2BC0383600E14B7A /* Sources */,
				79DCE5AB2BC0383600E14B7A /* Frameworks */,
				79DCE5AC2BC0383600E14B7A /* Resources */,
			);
			buildRules = (
			);
			dependencies = (
			);
			name = FavoritesApp;
			productName = FavoritesApp;
			productReference = 79DCE5AE2BC0383600E14B7A /* FavoritesApp.app */;
			productType = "com.apple.product-type.application";
		};
		79DCE5BD2BC0383700E14B7A /* FavoritesAppTests */ = {
			isa = PBXNativeTarget;
			buildConfigurationList = 79DCE5D52BC0383700E14B7A /* Build configuration list for PBXNativeTarget "FavoritesAppTests" */;
			buildPhases = (
				79DCE5BA2BC0383700E14B7A /* Sources */,
				79DCE5BB2BC0383700E14B7A /* Frameworks */,
				79DCE5BC2BC0383700E14B7A /* Resources */,
			);
			buildRules = (
			);
			dependencies = (
				79DCE5C02BC0383700E14B7A /* PBXTargetDependency */,
			);
			name = FavoritesAppTests;
			productName = FavoritesAppTests;
			productReference = 79DCE5BE2BC0383700E14B7A /* FavoritesAppTests.xctest */;
			productType = "com.apple.product-type.bundle.unit-test";
		};
		79DCE5C72BC0383700E14B7A /* FavoritesAppUITests */ = {
			isa = PBXNativeTarget;
			buildConfigurationList = 79DCE5D82BC0383700E14B7A /* Build configuration list for PBXNativeTarget "FavoritesAppUITests" */;
			buildPhases = (
				79DCE5C42BC0383700E14B7A /* Sources */,
				79DCE5C52BC0383700E14B7A /* Frameworks */,
				79DCE5C62BC0383700E14B7A /* Resources */,
			);
			buildRules = (
			);
			dependencies = (
				79DCE5CA2BC0383700E14B7A /* PBXTargetDependency */,
			);
			name = FavoritesAppUITests;
			productName = FavoritesAppUITests;
			productReference = 79DCE5C82BC0383700E14B7A /* FavoritesAppUITests.xctest */;
			productType = "com.apple.product-type.bundle.ui-testing";
		};
/* End PBXNativeTarget section */

/* Begin PBXProject section */
		79DCE5A62BC0383600E14B7A /* Project object */ = {
			isa = PBXProject;
			attributes = {
				BuildIndependentTargetsInParallel = 1;
				LastSwiftUpdateCheck = 1530;
				LastUpgradeCheck = 1530;
				TargetAttributes = {
					79DCE5AD2BC0383600E14B7A = {
						CreatedOnToolsVersion = 15.3;
					};
					79DCE5BD2BC0383700E14B7A = {
						CreatedOnToolsVersion = 15.3;
						TestTargetID = 79DCE5AD2BC0383600E14B7A;
					};
					79DCE5C72BC0383700E14B7A = {
						CreatedOnToolsVersion = 15.3;
						TestTargetID = 79DCE5AD2BC0383600E14B7A;
					};
				};
			};
			buildConfigurationList = 79DCE5A92BC0383600E14B7A /* Build configuration list for PBXProject "FavoritesApp" */;
			compatibilityVersion = "Xcode 14.0";
			developmentRegion = en;
			hasScannedForEncodings = 0;
			knownRegions = (
				en,
				Base,
			);
			mainGroup = 79DCE5A52BC0383600E14B7A;
			productRefGroup = 79DCE5AF2BC0383600E14B7A /* Products */;
			projectDirPath = "";
			projectRoot = "";
			targets = (
				79DCE5AD2BC0383600E14B7A /* FavoritesApp */,
				79DCE5BD2BC0383700E14B7A /* FavoritesAppTests */,
				79DCE5C72BC0383700E14B7A /* FavoritesAppUITests */,
			);
		};
/* End PBXProject section */

/* Begin PBXResourcesBuildPhase section */
		79DCE5AC2BC0383600E14B7A /* Resources */ = {
			isa = PBXResourcesBuildPhase;
			buildActionMask = 2147483647;
			files = (
				79DCE5B92BC0383700E14B7A /* Preview Assets.xcassets in Resources */,
				79DCE5B62BC0383700E14B7A /* Assets.xcassets in Resources */,
			);
			runOnlyForDeploymentPostprocessing = 0;
		};
		79DCE5BC2BC0383700E14B7A /* Resources */ = {
			isa = PBXResourcesBuildPhase;
			buildActionMask = 2147483647;
			files = (
			);
			runOnlyForDeploymentPostprocessing = 0;
		};
		79DCE5C62BC0383700E14B7A /* Resources */ = {
			isa = PBXResourcesBuildPhase;
			buildActionMask = 2147483647;
			files = (
			);
			runOnlyForDeploymentPostprocessing = 0;
		};
/* End PBXResourcesBuildPhase section */

/* Begin PBXSourcesBuildPhase section */
		79DCE5AA2BC0383600E14B7A /* Sources */ = {
			isa = PBXSourcesBuildPhase;
			buildActionMask = 2147483647;
			files = (
				79DCE5B42BC0383600E14B7A /* ContentView.swift in Sources */,
				79DCE5B22BC0383600E14B7A /* FavoritesAppApp.swift in Sources */,
			);
			runOnlyForDeploymentPostprocessing = 0;
		};
		79DCE5BA2BC0383700E14B7A /* Sources */ = {
			isa = PBXSourcesBuildPhase;
			buildActionMask = 2147483647;
			files = (
				79DCE5C32BC0383700E14B7A /* FavoritesAppTests.swift in Sources */,
			);
			runOnlyForDeploymentPostprocessing = 0;
		};
		79DCE5C42BC0383700E14B7A /* Sources */ = {
			isa = PBXSourcesBuildPhase;
			buildActionMask = 2147483647;
			files = (
				79DCE5CF2BC0383700E14B7A /* FavoritesAppUITestsLaunchTests.swift in Sources */,
				79DCE5CD2BC0383700E14B7A /* FavoritesAppUITests.swift in Sources */,
			);
			runOnlyForDeploymentPostprocessing = 0;
		};
/* End PBXSourcesBuildPhase section */

/* Begin PBXTargetDependency section */
		79DCE5C02BC0383700E14B7A /* PBXTargetDependency */ = {
			isa = PBXTargetDependency;
			target = 79DCE5AD2BC0383600E14B7A /* FavoritesApp */;
			targetProxy = 79DCE5BF2BC0383700E14B7A /* PBXContainerItemProxy */;
		};
		79DCE5CA2BC0383700E14B7A /* PBXTargetDependency */ = {
			isa = PBXTargetDependency;
			target = 79DCE5AD2BC0383600E14B7A /* FavoritesApp */;
			targetProxy = 79DCE5C92BC0383700E14B7A /* PBXContainerItemProxy */;
		};
/* End PBXTargetDependency section */

/* Begin XCBuildConfiguration section */
		79DCE5D02BC0383700E14B7A /* Debug */ = {
			isa = XCBuildConfiguration;
			buildSettings = {
				ALWAYS_SEARCH_USER_PATHS = NO;
				ASSETCATALOG_COMPILER_GENERATE_SWIFT_ASSET_SYMBOL_EXTENSIONS = YES;
				CLANG_ANALYZER_NONNULL = YES;
				CLANG_ANALYZER_NUMBER_OBJECT_CONVERSION = YES_AGGRESSIVE;
				CLANG_CXX_LANGUAGE_STANDARD = "gnu++20";
				CLANG_ENABLE_MODULES = YES;
				CLANG_ENABLE_OBJC_ARC = YES;
				CLANG_ENABLE_OBJC_WEAK = YES;
				CLANG_WARN_BLOCK_CAPTURE_AUTORELEASING = YES;
				CLANG_WARN_BOOL_CONVERSION = YES;
				CLANG_WARN_COMMA = YES;
				CLANG_WARN_CONSTANT_CONVERSION = YES;
				CLANG_WARN_DEPRECATED_OBJC_IMPLEMENTATIONS = YES;
				CLANG_WARN_DIRECT_OBJC_ISA_USAGE = YES_ERROR;
				CLANG_WARN_DOCUMENTATION_COMMENTS = YES;
				CLANG_WARN_EMPTY_BODY = YES;
				CLANG_WARN_ENUM_CONVERSION = YES;
				CLANG_WARN_INFINITE_RECURSION = YES;
				CLANG_WARN_INT_CONVERSION = YES;
				CLANG_WARN_NON_LITERAL_NULL_CONVERSION = YES;
				CLANG_WARN_OBJC_IMPLICIT_RETAIN_SELF = YES;
				CLANG_WARN_OBJC_LITERAL_CONVERSION = YES;
				CLANG_WARN_OBJC_ROOT_CLASS = YES_ERROR;
				CLANG_WARN_QUOTED_INCLUDE_IN_FRAMEWORK_HEADER = YES;
				CLANG_WARN_RANGE_LOOP_ANALYSIS = YES;
				CLANG_WARN_STRICT_PROTOTYPES = YES;
				CLANG_WARN_SUSPICIOUS_MOVE = YES;
				CLANG_WARN_UNGUARDED_AVAILABILITY = YES_AGGRESSIVE;
				CLANG_WARN_UNREACHABLE_CODE = YES;
				CLANG_WARN__DUPLICATE_METHOD_MATCH = YES;
				COPY_PHASE_STRIP = NO;
				DEBUG_INFORMATION_FORMAT = dwarf;
				ENABLE_STRICT_OBJC_MSGSEND = YES;
				ENABLE_TESTABILITY = YES;
				ENABLE_USER_SCRIPT_SANDBOXING = YES;
				GCC_C_LANGUAGE_STANDARD = gnu17;
				GCC_DYNAMIC_NO_PIC = NO;
				GCC_NO_COMMON_BLOCKS = YES;
				GCC_OPTIMIZATION_LEVEL = 0;
				GCC_PREPROCESSOR_DEFINITIONS = (
					"DEBUG=1",
					"$(inherited)",
				);
				GCC_WARN_64_TO_32_BIT_CONVERSION = YES;
				GCC_WARN_ABOUT_RETURN_TYPE = YES_ERROR;
				GCC_WARN_UNDECLARED_SELECTOR = YES;
				GCC_WARN_UNINITIALIZED_AUTOS = YES_AGGRESSIVE;
				GCC_WARN_UNUSED_FUNCTION = YES;
				GCC_WARN_UNUSED_VARIABLE = YES;
				IPHONEOS_DEPLOYMENT_TARGET = 17.4;
				LOCALIZATION_PREFERS_STRING_CATALOGS = YES;
				MTL_ENABLE_DEBUG_INFO = INCLUDE_SOURCE;
				MTL_FAST_MATH = YES;
				ONLY_ACTIVE_ARCH = YES;
				SDKROOT = iphoneos;
				SWIFT_ACTIVE_COMPILATION_CONDITIONS = "DEBUG $(inherited)";
				SWIFT_OPTIMIZATION_LEVEL = "-Onone";
			};
			name = Debug;
		};
		79DCE5D12BC0383700E14B7A /* Release */ = {
			isa = XCBuildConfiguration;
			buildSettings = {
				ALWAYS_SEARCH_USER_PATHS = NO;
				ASSETCATALOG_COMPILER_GENERATE_SWIFT_ASSET_SYMBOL_EXTENSIONS = YES;
				CLANG_ANALYZER_NONNULL = YES;
				CLANG_ANALYZER_NUMBER_OBJECT_CONVERSION = YES_AGGRESSIVE;
				CLANG_CXX_LANGUAGE_STANDARD = "gnu++20";
				CLANG_ENABLE_MODULES = YES;
				CLANG_ENABLE_OBJC_ARC = YES;
				CLANG_ENABLE_OBJC_WEAK = YES;
				CLANG_WARN_BLOCK_CAPTURE_AUTORELEASING = YES;
				CLANG_WARN_BOOL_CONVERSION = YES;
				CLANG_WARN_COMMA = YES;
				CLANG_WARN_CONSTANT_CONVERSION = YES;
				CLANG_WARN_DEPRECATED_OBJC_IMPLEMENTATIONS = YES;
				CLANG_WARN_DIRECT_OBJC_ISA_USAGE = YES_ERROR;
				CLANG_WARN_DOCUMENTATION_COMMENTS = YES;
				CLANG_WARN_EMPTY_BODY = YES;
				CLANG_WARN_ENUM_CONVERSION = YES;
				CLANG_WARN_INFINITE_RECURSION = YES;
				CLANG_WARN_INT_CONVERSION = YES;
				CLANG_WARN_NON_LITERAL_NULL_CONVERSION = YES;
				CLANG_WARN_OBJC_IMPLICIT_RETAIN_SELF = YES;
				CLANG_WARN_OBJC_LITERAL_CONVERSION = YES;
				CLANG_WARN_OBJC_ROOT_CLASS = YES_ERROR;
				CLANG_WARN_QUOTED_INCLUDE_IN_FRAMEWORK_HEADER = YES;
				CLANG_WARN_RANGE_LOOP_ANALYSIS = YES;
				CLANG_WARN_STRICT_PROTOTYPES = YES;
				CLANG_WARN_SUSPICIOUS_MOVE = YES;
				CLANG_WARN_UNGUARDED_AVAILABILITY = YES_AGGRESSIVE;
				CLANG_WARN_UNREACHABLE_CODE = YES;
				CLANG_WARN__DUPLICATE_METHOD_MATCH = YES;
				COPY_PHASE_STRIP = NO;
				DEBUG_INFORMATION_FORMAT = "dwarf-with-dsym";
				ENABLE_NS_ASSERTIONS = NO;
				ENABLE_STRICT_OBJC_MSGSEND = YES;
				ENABLE_USER_SCRIPT_SANDBOXING = YES;
				GCC_C_LANGUAGE_STANDARD = gnu17;
				GCC_NO_COMMON_BLOCKS = YES;
				GCC_WARN_64_TO_32_BIT_CONVERSION = YES;
				GCC_WARN_ABOUT_RETURN_TYPE = YES_ERROR;
				GCC_WARN_UNDECLARED_SELECTOR = YES;
				GCC_WARN_UNINITIALIZED_AUTOS = YES_AGGRESSIVE;
				GCC_WARN_UNUSED_FUNCTION = YES;
				GCC_WARN_UNUSED_VARIABLE = YES;
				IPHONEOS_DEPLOYMENT_TARGET = 17.4;
				LOCALIZATION_PREFERS_STRING_CATALOGS = YES;
				MTL_ENABLE_DEBUG_INFO = NO;
				MTL_FAST_MATH = YES;
				SDKROOT = iphoneos;
				SWIFT_COMPILATION_MODE = wholemodule;
				VALIDATE_PRODUCT = YES;
			};
			name = Release;
		};
		79DCE5D32BC0383700E14B7A /* Debug */ = {
			isa = XCBuildConfiguration;
			buildSettings = {
				ASSETCATALOG_COMPILER_APPICON_NAME = AppIcon;
				ASSETCATALOG_COMPILER_GLOBAL_ACCENT_COLOR_NAME = AccentColor;
				CODE_SIGN_STYLE = Automatic;
				CURRENT_PROJECT_VERSION = 1;
				DEVELOPMENT_ASSET_PATHS = "\"FavoritesApp/Preview Content\"";
				DEVELOPMENT_TEAM = 6JD548BN3B;
				ENABLE_PREVIEWS = YES;
				GENERATE_INFOPLIST_FILE = YES;
				INFOPLIST_KEY_UIApplicationSceneManifest_Generation = YES;
				INFOPLIST_KEY_UIApplicationSupportsIndirectInputEvents = YES;
				INFOPLIST_KEY_UILaunchScreen_Generation = YES;
				INFOPLIST_KEY_UISupportedInterfaceOrientations_iPad = "UIInterfaceOrientationPortrait UIInterfaceOrientationPortraitUpsideDown UIInterfaceOrientationLandscapeLeft UIInterfaceOrientationLandscapeRight";
				INFOPLIST_KEY_UISupportedInterfaceOrientations_iPhone = "UIInterfaceOrientationPortrait UIInterfaceOrientationLandscapeLeft UIInterfaceOrientationLandscapeRight";
				LD_RUNPATH_SEARCH_PATHS = (
					"$(inherited)",
					"@executable_path/Frameworks",
				);
				MARKETING_VERSION = 1.0;
				PRODUCT_BUNDLE_IDENTIFIER = com.BulldogVenturesInc.FavoritesApp;
				PRODUCT_NAME = "$(TARGET_NAME)";
				SWIFT_EMIT_LOC_STRINGS = YES;
				SWIFT_VERSION = 5.0;
				TARGETED_DEVICE_FAMILY = "1,2";
			};
			name = Debug;
		};
		79DCE5D42BC0383700E14B7A /* Release */ = {
			isa = XCBuildConfiguration;
			buildSettings = {
				ASSETCATALOG_COMPILER_APPICON_NAME = AppIcon;
				ASSETCATALOG_COMPILER_GLOBAL_ACCENT_COLOR_NAME = AccentColor;
				CODE_SIGN_STYLE = Automatic;
				CURRENT_PROJECT_VERSION = 1;
				DEVELOPMENT_ASSET_PATHS = "\"FavoritesApp/Preview Content\"";
				DEVELOPMENT_TEAM = 6JD548BN3B;
				ENABLE_PREVIEWS = YES;
				GENERATE_INFOPLIST_FILE = YES;
				INFOPLIST_KEY_UIApplicationSceneManifest_Generation = YES;
				INFOPLIST_KEY_UIApplicationSupportsIndirectInputEvents = YES;
				INFOPLIST_KEY_UILaunchScreen_Generation = YES;
				INFOPLIST_KEY_UISupportedInterfaceOrientations_iPad = "UIInterfaceOrientationPortrait UIInterfaceOrientationPortraitUpsideDown UIInterfaceOrientationLandscapeLeft UIInterfaceOrientationLandscapeRight";
				INFOPLIST_KEY_UISupportedInterfaceOrientations_iPhone = "UIInterfaceOrientationPortrait UIInterfaceOrientationLandscapeLeft UIInterfaceOrientationLandscapeRight";
				LD_RUNPATH_SEARCH_PATHS = (
					"$(inherited)",
					"@executable_path/Frameworks",
				);
				MARKETING_VERSION = 1.0;
				PRODUCT_BUNDLE_IDENTIFIER = com.BulldogVenturesInc.FavoritesApp;
				PRODUCT_NAME = "$(TARGET_NAME)";
				SWIFT_EMIT_LOC_STRINGS = YES;
				SWIFT_VERSION = 5.0;
				TARGETED_DEVICE_FAMILY = "1,2";
			};
			name = Release;
		};
		79DCE5D62BC0383700E14B7A /* Debug */ = {
			isa = XCBuildConfiguration;
			buildSettings = {
				ALWAYS_EMBED_SWIFT_STANDARD_LIBRARIES = YES;
				BUNDLE_LOADER = "$(TEST_HOST)";
				CODE_SIGN_STYLE = Automatic;
				CURRENT_PROJECT_VERSION = 1;
				DEVELOPMENT_TEAM = 6JD548BN3B;
				GENERATE_INFOPLIST_FILE = YES;
				IPHONEOS_DEPLOYMENT_TARGET = 17.4;
				MARKETING_VERSION = 1.0;
				PRODUCT_BUNDLE_IDENTIFIER = com.BulldogVenturesInc.FavoritesAppTests;
				PRODUCT_NAME = "$(TARGET_NAME)";
				SWIFT_EMIT_LOC_STRINGS = NO;
				SWIFT_VERSION = 5.0;
				TARGETED_DEVICE_FAMILY = "1,2";
				TEST_HOST = "$(BUILT_PRODUCTS_DIR)/FavoritesApp.app/$(BUNDLE_EXECUTABLE_FOLDER_PATH)/FavoritesApp";
			};
			name = Debug;
		};
		79DCE5D72BC0383700E14B7A /* Release */ = {
			isa = XCBuildConfiguration;
			buildSettings = {
				ALWAYS_EMBED_SWIFT_STANDARD_LIBRARIES = YES;
				BUNDLE_LOADER = "$(TEST_HOST)";
				CODE_SIGN_STYLE = Automatic;
				CURRENT_PROJECT_VERSION = 1;
				DEVELOPMENT_TEAM = 6JD548BN3B;
				GENERATE_INFOPLIST_FILE = YES;
				IPHONEOS_DEPLOYMENT_TARGET = 17.4;
				MARKETING_VERSION = 1.0;
				PRODUCT_BUNDLE_IDENTIFIER = com.BulldogVenturesInc.FavoritesAppTests;
				PRODUCT_NAME = "$(TARGET_NAME)";
				SWIFT_EMIT_LOC_STRINGS = NO;
				SWIFT_VERSION = 5.0;
				TARGETED_DEVICE_FAMILY = "1,2";
				TEST_HOST = "$(BUILT_PRODUCTS_DIR)/FavoritesApp.app/$(BUNDLE_EXECUTABLE_FOLDER_PATH)/FavoritesApp";
			};
			name = Release;
		};
		79DCE5D92BC0383700E14B7A /* Debug */ = {
			isa = XCBuildConfiguration;
			buildSettings = {
				ALWAYS_EMBED_SWIFT_STANDARD_LIBRARIES = YES;
				CODE_SIGN_STYLE = Automatic;
				CURRENT_PROJECT_VERSION = 1;
				DEVELOPMENT_TEAM = 6JD548BN3B;
				GENERATE_INFOPLIST_FILE = YES;
				MARKETING_VERSION = 1.0;
				PRODUCT_BUNDLE_IDENTIFIER = com.BulldogVenturesInc.FavoritesAppUITests;
				PRODUCT_NAME = "$(TARGET_NAME)";
				SWIFT_EMIT_LOC_STRINGS = NO;
				SWIFT_VERSION = 5.0;
				TARGETED_DEVICE_FAMILY = "1,2";
				TEST_TARGET_NAME = FavoritesApp;
			};
			name = Debug;
		};
		79DCE5DA2BC0383700E14B7A /* Release */ = {
			isa = XCBuildConfiguration;
			buildSettings = {
				ALWAYS_EMBED_SWIFT_STANDARD_LIBRARIES = YES;
				CODE_SIGN_STYLE = Automatic;
				CURRENT_PROJECT_VERSION = 1;
				DEVELOPMENT_TEAM = 6JD548BN3B;
				GENERATE_INFOPLIST_FILE = YES;
				MARKETING_VERSION = 1.0;
				PRODUCT_BUNDLE_IDENTIFIER = com.BulldogVenturesInc.FavoritesAppUITests;
				PRODUCT_NAME = "$(TARGET_NAME)";
				SWIFT_EMIT_LOC_STRINGS = NO;
				SWIFT_VERSION = 5.0;
				TARGETED_DEVICE_FAMILY = "1,2";
				TEST_TARGET_NAME = FavoritesApp;
			};
			name = Release;
		};
/* End XCBuildConfiguration section */

/* Begin XCConfigurationList section */
		79DCE5A92BC0383600E14B7A /* Build configuration list for PBXProject "FavoritesApp" */ = {
			isa = XCConfigurationList;
			buildConfigurations = (
				79DCE5D02BC0383700E14B7A /* Debug */,
				79DCE5D12BC0383700E14B7A /* Release */,
			);
			defaultConfigurationIsVisible = 0;
			defaultConfigurationName = Release;
		};
		79DCE5D22BC0383700E14B7A /* Build configuration list for PBXNativeTarget "FavoritesApp" */ = {
			isa = XCConfigurationList;
			buildConfigurations = (
				79DCE5D32BC0383700E14B7A /* Debug */,
				79DCE5D42BC0383700E14B7A /* Release */,
			);
			defaultConfigurationIsVisible = 0;
			defaultConfigurationName = Release;
		};
		79DCE5D52BC0383700E14B7A /* Build configuration list for PBXNativeTarget "FavoritesAppTests" */ = {
			isa = XCConfigurationList;
			buildConfigurations = (
				79DCE5D62BC0383700E14B7A /* Debug */,
				79DCE5D72BC0383700E14B7A /* Release */,
			);
			defaultConfigurationIsVisible = 0;
			defaultConfigurationName = Release;
		};
		79DCE5D82BC0383700E14B7A /* Build configuration list for PBXNativeTarget "FavoritesAppUITests" */ = {
			isa = XCConfigurationList;
			buildConfigurations = (
				79DCE5D92BC0383700E14B7A /* Debug */,
				79DCE5DA2BC0383700E14B7A /* Release */,
			);
			defaultConfigurationIsVisible = 0;
			defaultConfigurationName = Release;
		};
/* End XCConfigurationList section */
	};
	rootObject = 79DCE5A62BC0383600E14B7A /* Project object */;
}
